
Microsoft Visual Studio Solution File, Format Version 12.00
# Visual Studio Version 16
VisualStudioVersion = 16.0.30523.141
MinimumVisualStudioVersion = 10.0.40219.1
Project("{FAE04EC0-301F-11D3-BF4B-00C04F79EFBC}") = "MDSapp3", "MDSapp3\MDSapp3.csproj", "{BD060E64-5778-460A-AEFD-38C968430FD9}"
EndProject
Global
	GlobalSection(SolutionConfigurationPlatforms) = preSolution
		Debug|Any CPU = Debug|Any CPU
		Release|Any CPU = Release|Any CPU
	EndGlobalSection
	GlobalSection(ProjectConfigurationPlatforms) = postSolution
		{BD060E64-5778-460A-AEFD-38C968430FD9}.Debug|Any CPU.ActiveCfg = Debug|Any CPU
		{BD060E64-5778-460A-AEFD-38C968430FD9}.Debug|Any CPU.Build.0 = Debug|Any CPU
		{BD060E64-5778-460A-AEFD-38C968430FD9}.Release|Any CPU.ActiveCfg = Release|Any CPU
		{BD060E64-5778-460A-AEFD-38C968430FD9}.Release|Any CPU.Build.0 = Release|Any CPU
	EndGlobalSection
	GlobalSection(SolutionProperties) = preSolution
		HideSolutionNode = FALSE
	EndGlobalSection
	GlobalSection(ExtensibilityGlobals) = postSolution
		SolutionGuid = {A7938AF2-D491-42B2-8EEC-BC3D642DBC2D}
	EndGlobalSection
EndGlobal
